// !$*UTF8*$!
{
	archiveVersion = 1;
	classes = {
	};
	objectVersion = 77;
	objects = {

/* Begin PBXBuildFile section */
		AABB0003000000000000CAFE /* Sparkle in Frameworks */ = {isa = PBXBuildFile; productRef = AABB0002000000000000CAFE /* Sparkle */; };
		BBCC0003000000000000CAFE /* GRDB in Frameworks */ = {isa = PBXBuildFile; productRef = BBCC0002000000000000CAFE /* GRDB */; };
		CCDD0003000000000000CAFE /* NIO in Frameworks */ = {isa = PBXBuildFile; productRef = CCDD0002000000000000CAFE /* NIO */; };
		CCDD0013000000000000CAFE /* NIOHTTP1 in Frameworks */ = {isa = PBXBuildFile; productRef = CCDD0012000000000000CAFE /* NIOHTTP1 */; };
		CCDD0023000000000000CAFE /* NIOPosix in Frameworks */ = {isa = PBXBuildFile; productRef = CCDD0022000000000000CAFE /* NIOPosix */; };
		CCDD0033000000000000CAFE /* NIOSSL in Frameworks */ = {isa = PBXBuildFile; productRef = CCDD0032000000000000CAFE /* NIOSSL */; };
		CCDD0043000000000000CAFE /* X509 in Frameworks */ = {isa = PBXBuildFile; productRef = CCDD0042000000000000CAFE /* X509 */; };
		CCDD0053000000000000CAFE /* SwiftASN1 in Frameworks */ = {isa = PBXBuildFile; productRef = CCDD0052000000000000CAFE /* SwiftASN1 */; };
/* End PBXBuildFile section */

/* Begin PBXContainerItemProxy section */
		942F9D272FC4ACEB003F3C21 /* PBXContainerItemProxy */ = {
			isa = PBXContainerItemProxy;
			containerPortal = 942F9D102FC4ACE9003F3C21 /* Project object */;
			proxyType = 1;
			remoteGlobalIDString = 942F9D172FC4ACE9003F3C21;
			remoteInfo = koala;
		};
		942F9D312FC4ACEB003F3C21 /* PBXContainerItemProxy */ = {
			isa = PBXContainerItemProxy;
			containerPortal = 942F9D102FC4ACE9003F3C21 /* Project object */;
			proxyType = 1;
			remoteGlobalIDString = 942F9D172FC4ACE9003F3C21;
			remoteInfo = koala;
		};
/* End PBXContainerItemProxy section */

/* Begin PBXFileReference section */
		942F9D182FC4ACE9003F3C21 /* koala.app */ = {isa = PBXFileReference; explicitFileType = wrapper.application; includeInIndex = 0; path = koala.app; sourceTree = BUILT_PRODUCTS_DIR; };
		942F9D262FC4ACEB003F3C21 /* koalaTests.xctest */ = {isa = PBXFileReference; explicitFileType = wrapper.cfbundle; includeInIndex = 0; path = koalaTests.xctest; sourceTree = BUILT_PRODUCTS_DIR; };
		942F9D302FC4ACEB003F3C21 /* koalaUITests.xctest */ = {isa = PBXFileReference; explicitFileType = wrapper.cfbundle; includeInIndex = 0; path = koalaUITests.xctest; sourceTree = BUILT_PRODUCTS_DIR; };
/* End PBXFileReference section */

/* Begin PBXFileSystemSynchronizedRootGroup section */
		942F9D1A2FC4ACE9003F3C21 /* koala */ = {
			isa = PBXFileSystemSynchronizedRootGroup;
			path = koala;
			sourceTree = "<group>";
		};
		942F9D292FC4ACEB003F3C21 /* koalaTests */ = {
			isa = PBXFileSystemSynchronizedRootGroup;
			path = koalaTests;
			sourceTree = "<group>";
		};
		942F9D332FC4ACEB003F3C21 /* koalaUITests */ = {
			isa = PBXFileSystemSynchronizedRootGroup;
			path = koalaUITests;
			sourceTree = "<group>";
		};
/* End PBXFileSystemSynchronizedRootGroup section */

/* Begin PBXFrameworksBuildPhase section */
		942F9D152FC4ACE9003F3C21 /* Frameworks */ = {
			isa = PBXFrameworksBuildPhase;
			buildActionMask = 2147483647;
			files = (
				AABB0003000000000000CAFE /* Sparkle in Frameworks */,
				BBCC0003000000000000CAFE /* GRDB in Frameworks */,
				CCDD0003000000000000CAFE /* NIO in Frameworks */,
				CCDD0013000000000000CAFE /* NIOHTTP1 in Frameworks */,
				CCDD0023000000000000CAFE /* NIOPosix in Frameworks */,
				CCDD0033000000000000CAFE /* NIOSSL in Frameworks */,
				CCDD0043000000000000CAFE /* X509 in Frameworks */,
				CCDD0053000000000000CAFE /* SwiftASN1 in Frameworks */,
			);
			runOnlyForDeploymentPostprocessing = 0;
		};
		942F9D232FC4ACEB003F3C21 /* Frameworks */ = {
			isa = PBXFrameworksBuildPhase;
			buildActionMask = 2147483647;
			files = (
			);
			runOnlyForDeploymentPostprocessing = 0;
		};
		942F9D2D2FC4ACEB003F3C21 /* Frameworks */ = {
			isa = PBXFrameworksBuildPhase;
			buildActionMask = 2147483647;
			files = (
			);
			runOnlyForDeploymentPostprocessing = 0;
		};
/* End PBXFrameworksBuildPhase section */

/* Begin PBXGroup section */
		942F9D0F2FC4ACE9003F3C21 = {
			isa = PBXGroup;
			children = (
				942F9D1A2FC4ACE9003F3C21 /* koala */,
				942F9D292FC4ACEB003F3C21 /* koalaTests */,
				942F9D332FC4ACEB003F3C21 /* koalaUITests */,
				942F9D192FC4ACE9003F3C21 /* Products */,
			);
			sourceTree = "<group>";
		};
		942F9D192FC4ACE9003F3C21 /* Products */ = {
			isa = PBXGroup;
			children = (
				942F9D182FC4ACE9003F3C21 /* koala.app */,
				942F9D262FC4ACEB003F3C21 /* koalaTests.xctest */,
				942F9D302FC4ACEB003F3C21 /* koalaUITests.xctest */,
			);
			name = Products;
			sourceTree = "<group>";
		};
/* End PBXGroup section */

/* Begin PBXNativeTarget section */
		942F9D172FC4ACE9003F3C21 /* koala */ = {
			isa = PBXNativeTarget;
			buildConfigurationList = 942F9D3A2FC4ACEB003F3C21 /* Build configuration list for PBXNativeTarget "koala" */;
			buildPhases = (
				942F9D142FC4ACE9003F3C21 /* Sources */,
				942F9D152FC4ACE9003F3C21 /* Frameworks */,
				942F9D162FC4ACE9003F3C21 /* Resources */,
			);
			buildRules = (
			);
			dependencies = (
			);
			fileSystemSynchronizedGroups = (
				942F9D1A2FC4ACE9003F3C21 /* koala */,
			);
			name = koala;
			packageProductDependencies = (
				AABB0002000000000000CAFE /* Sparkle */,
				BBCC0002000000000000CAFE /* GRDB */,
				CCDD0002000000000000CAFE /* NIO */,
				CCDD0012000000000000CAFE /* NIOHTTP1 */,
				CCDD0022000000000000CAFE /* NIOPosix */,
				CCDD0032000000000000CAFE /* NIOSSL */,
				CCDD0042000000000000CAFE /* X509 */,
				CCDD0052000000000000CAFE /* SwiftASN1 */,
			);
			productName = koala;
			productReference = 942F9D182FC4ACE9003F3C21 /* koala.app */;
			productType = "com.apple.product-type.application";
		};
		942F9D252FC4ACEB003F3C21 /* koalaTests */ = {
			isa = PBXNativeTarget;
			buildConfigurationList = 942F9D3D2FC4ACEB003F3C21 /* Build configuration list for PBXNativeTarget "koalaTests" */;
			buildPhases = (
				942F9D222FC4ACEB003F3C21 /* Sources */,
				942F9D232FC4ACEB003F3C21 /* Frameworks */,
				942F9D242FC4ACEB003F3C21 /* Resources */,
			);
			buildRules = (
			);
			dependencies = (
				942F9D282FC4ACEB003F3C21 /* PBXTargetDependency */,
			);
			fileSystemSynchronizedGroups = (
				942F9D292FC4ACEB003F3C21 /* koalaTests */,
			);
			name = koalaTests;
			packageProductDependencies = (
			);
			productName = koalaTests;
			productReference = 942F9D262FC4ACEB003F3C21 /* koalaTests.xctest */;
			productType = "com.apple.product-type.bundle.unit-test";
		};
		942F9D2F2FC4ACEB003F3C21 /* koalaUITests */ = {
			isa = PBXNativeTarget;
			buildConfigurationList = 942F9D402FC4ACEB003F3C21 /* Build configuration list for PBXNativeTarget "koalaUITests" */;
			buildPhases = (
				942F9D2C2FC4ACEB003F3C21 /* Sources */,
				942F9D2D2FC4ACEB003F3C21 /* Frameworks */,
				942F9D2E2FC4ACEB003F3C21 /* Resources */,
			);
			buildRules = (
			);
			dependencies = (
				942F9D322FC4ACEB003F3C21 /* PBXTargetDependency */,
			);
			fileSystemSynchronizedGroups = (
				942F9D332FC4ACEB003F3C21 /* koalaUITests */,
			);
			name = koalaUITests;
			packageProductDependencies = (
			);
			productName = koalaUITests;
			productReference = 942F9D302FC4ACEB003F3C21 /* koalaUITests.xctest */;
			productType = "com.apple.product-type.bundle.ui-testing";
		};
/* End PBXNativeTarget section */

/* Begin PBXProject section */
		942F9D102FC4ACE9003F3C21 /* Project object */ = {
			isa = PBXProject;
			attributes = {
				BuildIndependentTargetsInParallel = 1;
				LastSwiftUpdateCheck = 1640;
				LastUpgradeCheck = 1640;
				TargetAttributes = {
					942F9D172FC4ACE9003F3C21 = {
						CreatedOnToolsVersion = 16.4;
					};
					942F9D252FC4ACEB003F3C21 = {
						CreatedOnToolsVersion = 16.4;
						TestTargetID = 942F9D172FC4ACE9003F3C21;
					};
					942F9D2F2FC4ACEB003F3C21 = {
						CreatedOnToolsVersion = 16.4;
						TestTargetID = 942F9D172FC4ACE9003F3C21;
					};
				};
			};
			buildConfigurationList = 942F9D132FC4ACE9003F3C21 /* Build configuration list for PBXProject "koala" */;
			developmentRegion = en;
			hasScannedForEncodings = 0;
			knownRegions = (
				en,
				Base,
			);
			mainGroup = 942F9D0F2FC4ACE9003F3C21;
			minimizedProjectReferenceProxies = 1;
			packageReferences = (
				AABB0001000000000000CAFE /* XCRemoteSwiftPackageReference "Sparkle" */,
				BBCC0001000000000000CAFE /* XCRemoteSwiftPackageReference "GRDB" */,
				CCDD0001000000000000CAFE /* XCRemoteSwiftPackageReference "swift-nio" */,
				CCDD0011000000000000CAFE /* XCRemoteSwiftPackageReference "swift-nio-ssl" */,
				CCDD0021000000000000CAFE /* XCRemoteSwiftPackageReference "swift-certificates" */,
				CCDD0031000000000000CAFE /* XCRemoteSwiftPackageReference "swift-asn1" */,
			);
			preferredProjectObjectVersion = 77;
			productRefGroup = 942F9D192FC4ACE9003F3C21 /* Products */;
			projectDirPath = "";
			projectRoot = "";
			targets = (
				942F9D172FC4ACE9003F3C21 /* koala */,
				942F9D252FC4ACEB003F3C21 /* koalaTests */,
				942F9D2F2FC4ACEB003F3C21 /* koalaUITests */,
			);
		};
/* End PBXProject section */

/* Begin PBXResourcesBuildPhase section */
		942F9D162FC4ACE9003F3C21 /* Resources */ = {
			isa = PBXResourcesBuildPhase;
			buildActionMask = 2147483647;
			files = (
			);
			runOnlyForDeploymentPostprocessing = 0;
		};
		942F9D242FC4ACEB003F3C21 /* Resources */ = {
			isa = PBXResourcesBuildPhase;
			buildActionMask = 2147483647;
			files = (
			);
			runOnlyForDeploymentPostprocessing = 0;
		};
		942F9D2E2FC4ACEB003F3C21 /* Resources */ = {
			isa = PBXResourcesBuildPhase;
			buildActionMask = 2147483647;
			files = (
			);
			runOnlyForDeploymentPostprocessing = 0;
		};
/* End PBXResourcesBuildPhase section */

/* Begin PBXSourcesBuildPhase section */
		942F9D142FC4ACE9003F3C21 /* Sources */ = {
			isa = PBXSourcesBuildPhase;
			buildActionMask = 2147483647;
			files = (
			);
			runOnlyForDeploymentPostprocessing = 0;
		};
		942F9D222FC4ACEB003F3C21 /* Sources */ = {
			isa = PBXSourcesBuildPhase;
			buildActionMask = 2147483647;
			files = (
			);
			runOnlyForDeploymentPostprocessing = 0;
		};
		942F9D2C2FC4ACEB003F3C21 /* Sources */ = {
			isa = PBXSourcesBuildPhase;
			buildActionMask = 2147483647;
			files = (
			);
			runOnlyForDeploymentPostprocessing = 0;
		};
/* End PBXSourcesBuildPhase section */

/* Begin PBXTargetDependency section */
		942F9D282FC4ACEB003F3C21 /* PBXTargetDependency */ = {
			isa = PBXTargetDependency;
			target = 942F9D172FC4ACE9003F3C21 /* koala */;
			targetProxy = 942F9D272FC4ACEB003F3C21 /* PBXContainerItemProxy */;
		};
		942F9D322FC4ACEB003F3C21 /* PBXTargetDependency */ = {
			isa = PBXTargetDependency;
			target = 942F9D172FC4ACE9003F3C21 /* koala */;
			targetProxy = 942F9D312FC4ACEB003F3C21 /* PBXContainerItemProxy */;
		};
/* End PBXTargetDependency section */

/* Begin XCBuildConfiguration section */
		942F9D382FC4ACEB003F3C21 /* Debug */ = {
			isa = XCBuildConfiguration;
			buildSettings = {
				ALWAYS_SEARCH_USER_PATHS = NO;
				ASSETCATALOG_COMPILER_GENERATE_SWIFT_ASSET_SYMBOL_EXTENSIONS = YES;
				CLANG_ANALYZER_NONNULL = YES;
				CLANG_ANALYZER_NUMBER_OBJECT_CONVERSION = YES_AGGRESSIVE;
				CLANG_CXX_LANGUAGE_STANDARD = "gnu++20";
				CLANG_ENABLE_MODULES = YES;
				CLANG_ENABLE_OBJC_ARC = YES;
				CLANG_ENABLE_OBJC_WEAK = YES;
				CLANG_WARN_BLOCK_CAPTURE_AUTORELEASING = YES;
				CLANG_WARN_BOOL_CONVERSION = YES;
				CLANG_WARN_COMMA = YES;
				CLANG_WARN_CONSTANT_CONVERSION = YES;
				CLANG_WARN_DEPRECATED_OBJC_IMPLEMENTATIONS = YES;
				CLANG_WARN_DIRECT_OBJC_ISA_USAGE = YES_ERROR;
				CLANG_WARN_DOCUMENTATION_COMMENTS = YES;
				CLANG_WARN_EMPTY_BODY = YES;
				CLANG_WARN_ENUM_CONVERSION = YES;
				CLANG_WARN_INFINITE_RECURSION = YES;
				CLANG_WARN_INT_CONVERSION = YES;
				CLANG_WARN_NON_LITERAL_NULL_CONVERSION = YES;
				CLANG_WARN_OBJC_IMPLICIT_RETAIN_SELF = YES;
				CLANG_WARN_OBJC_LITERAL_CONVERSION = YES;
				CLANG_WARN_OBJC_ROOT_CLASS = YES_ERROR;
				CLANG_WARN_QUOTED_INCLUDE_IN_FRAMEWORK_HEADER = YES;
				CLANG_WARN_RANGE_LOOP_ANALYSIS = YES;
				CLANG_WARN_STRICT_PROTOTYPES = YES;
				CLANG_WARN_SUSPICIOUS_MOVE = YES;
				CLANG_WARN_UNGUARDED_AVAILABILITY = YES_AGGRESSIVE;
				CLANG_WARN_UNREACHABLE_CODE = YES;
				CLANG_WARN__DUPLICATE_METHOD_MATCH = YES;
				COPY_PHASE_STRIP = NO;
				DEBUG_INFORMATION_FORMAT = dwarf;
				DEVELOPMENT_TEAM = L9J2W57QJ5;
				ENABLE_STRICT_OBJC_MSGSEND = YES;
				ENABLE_TESTABILITY = YES;
				ENABLE_USER_SCRIPT_SANDBOXING = YES;
				GCC_C_LANGUAGE_STANDARD = gnu17;
				GCC_DYNAMIC_NO_PIC = NO;
				GCC_NO_COMMON_BLOCKS = YES;
				GCC_OPTIMIZATION_LEVEL = 0;
				GCC_PREPROCESSOR_DEFINITIONS = (
					"DEBUG=1",
					"$(inherited)",
				);
				GCC_WARN_64_TO_32_BIT_CONVERSION = YES;
				GCC_WARN_ABOUT_RETURN_TYPE = YES_ERROR;
				GCC_WARN_UNDECLARED_SELECTOR = YES;
				GCC_WARN_UNINITIALIZED_AUTOS = YES_AGGRESSIVE;
				GCC_WARN_UNUSED_FUNCTION = YES;
				GCC_WARN_UNUSED_VARIABLE = YES;
				LOCALIZATION_PREFERS_STRING_CATALOGS = YES;
				MACOSX_DEPLOYMENT_TARGET = 14.0;
				MTL_ENABLE_DEBUG_INFO = INCLUDE_SOURCE;
				MTL_FAST_MATH = YES;
				ONLY_ACTIVE_ARCH = YES;
				SDKROOT = macosx;
				SWIFT_ACTIVE_COMPILATION_CONDITIONS = "DEBUG $(inherited)";
				SWIFT_OPTIMIZATION_LEVEL = "-Onone";
			};
			name = Debug;
		};
		942F9D392FC4ACEB003F3C21 /* Release */ = {
			isa = XCBuildConfiguration;
			buildSettings = {
				ALWAYS_SEARCH_USER_PATHS = NO;
				ASSETCATALOG_COMPILER_GENERATE_SWIFT_ASSET_SYMBOL_EXTENSIONS = YES;
				CLANG_ANALYZER_NONNULL = YES;
				CLANG_ANALYZER_NUMBER_OBJECT_CONVERSION = YES_AGGRESSIVE;
				CLANG_CXX_LANGUAGE_STANDARD = "gnu++20";
				CLANG_ENABLE_MODULES = YES;
				CLANG_ENABLE_OBJC_ARC = YES;
				CLANG_ENABLE_OBJC_WEAK = YES;
				CLANG_WARN_BLOCK_CAPTURE_AUTORELEASING = YES;
				CLANG_WARN_BOOL_CONVERSION = YES;
				CLANG_WARN_COMMA = YES;
				CLANG_WARN_CONSTANT_CONVERSION = YES;
				CLANG_WARN_DEPRECATED_OBJC_IMPLEMENTATIONS = YES;
				CLANG_WARN_DIRECT_OBJC_ISA_USAGE = YES_ERROR;
				CLANG_WARN_DOCUMENTATION_COMMENTS = YES;
				CLANG_WARN_EMPTY_BODY = YES;
				CLANG_WARN_ENUM_CONVERSION = YES;
				CLANG_WARN_INFINITE_RECURSION = YES;
				CLANG_WARN_INT_CONVERSION = YES;
				CLANG_WARN_NON_LITERAL_NULL_CONVERSION = YES;
				CLANG_WARN_OBJC_IMPLICIT_RETAIN_SELF = YES;
				CLANG_WARN_OBJC_LITERAL_CONVERSION = YES;
				CLANG_WARN_OBJC_ROOT_CLASS = YES_ERROR;
				CLANG_WARN_QUOTED_INCLUDE_IN_FRAMEWORK_HEADER = YES;
				CLANG_WARN_RANGE_LOOP_ANALYSIS = YES;
				CLANG_WARN_STRICT_PROTOTYPES = YES;
				CLANG_WARN_SUSPICIOUS_MOVE = YES;
				CLANG_WARN_UNGUARDED_AVAILABILITY = YES_AGGRESSIVE;
				CLANG_WARN_UNREACHABLE_CODE = YES;
				CLANG_WARN__DUPLICATE_METHOD_MATCH = YES;
				COPY_PHASE_STRIP = NO;
				DEBUG_INFORMATION_FORMAT = "dwarf-with-dsym";
				DEVELOPMENT_TEAM = L9J2W57QJ5;
				ENABLE_NS_ASSERTIONS = NO;
				ENABLE_STRICT_OBJC_MSGSEND = YES;
				ENABLE_USER_SCRIPT_SANDBOXING = YES;
				GCC_C_LANGUAGE_STANDARD = gnu17;
				GCC_NO_COMMON_BLOCKS = YES;
				GCC_WARN_64_TO_32_BIT_CONVERSION = YES;
				GCC_WARN_ABOUT_RETURN_TYPE = YES_ERROR;
				GCC_WARN_UNDECLARED_SELECTOR = YES;
				GCC_WARN_UNINITIALIZED_AUTOS = YES_AGGRESSIVE;
				GCC_WARN_UNUSED_FUNCTION = YES;
				GCC_WARN_UNUSED_VARIABLE = YES;
				LOCALIZATION_PREFERS_STRING_CATALOGS = YES;
				MACOSX_DEPLOYMENT_TARGET = 14.0;
				MTL_ENABLE_DEBUG_INFO = NO;
				MTL_FAST_MATH = YES;
				SDKROOT = macosx;
				SWIFT_COMPILATION_MODE = wholemodule;
			};
			name = Release;
		};
		942F9D3B2FC4ACEB003F3C21 /* Debug */ = {
			isa = XCBuildConfiguration;
			buildSettings = {
				ASSETCATALOG_COMPILER_APPICON_NAME = AppIcon;
				ASSETCATALOG_COMPILER_GLOBAL_ACCENT_COLOR_NAME = AccentColor;
				CODE_SIGN_ENTITLEMENTS = koala/koala.entitlements;
				CODE_SIGN_STYLE = Automatic;
				COMBINE_HIDPI_IMAGES = YES;
				CURRENT_PROJECT_VERSION = 1;
				DEVELOPMENT_TEAM = L9J2W57QJ5;
				ENABLE_HARDENED_RUNTIME = YES;
				ENABLE_PREVIEWS = YES;
				GENERATE_INFOPLIST_FILE = NO;
				INFOPLIST_FILE = koala/Info.plist;
				LD_RUNPATH_SEARCH_PATHS = (
					"$(inherited)",
					"@executable_path/../Frameworks",
				);
				MARKETING_VERSION = 0.1.1;
				PRODUCT_BUNDLE_IDENTIFIER = com.koala;
				PRODUCT_NAME = "$(TARGET_NAME)";
				REGISTER_APP_GROUPS = YES;
				SWIFT_EMIT_LOC_STRINGS = YES;
				SWIFT_VERSION = 5.0;
			};
			name = Debug;
		};
		942F9D3C2FC4ACEB003F3C21 /* Release */ = {
			isa = XCBuildConfiguration;
			buildSettings = {
				ASSETCATALOG_COMPILER_APPICON_NAME = AppIcon;
				ASSETCATALOG_COMPILER_GLOBAL_ACCENT_COLOR_NAME = AccentColor;
				CODE_SIGN_ENTITLEMENTS = koala/koala.entitlements;
				CODE_SIGN_STYLE = Automatic;
				COMBINE_HIDPI_IMAGES = YES;
				CURRENT_PROJECT_VERSION = 1;
				DEVELOPMENT_TEAM = L9J2W57QJ5;
				ENABLE_HARDENED_RUNTIME = YES;
				ENABLE_PREVIEWS = YES;
				GENERATE_INFOPLIST_FILE = NO;
				INFOPLIST_FILE = koala/Info.plist;
				LD_RUNPATH_SEARCH_PATHS = (
					"$(inherited)",
					"@executable_path/../Frameworks",
				);
				MARKETING_VERSION = 0.1.1;
				PRODUCT_BUNDLE_IDENTIFIER = com.koala;
				PRODUCT_NAME = "$(TARGET_NAME)";
				REGISTER_APP_GROUPS = YES;
				SWIFT_EMIT_LOC_STRINGS = YES;
				SWIFT_VERSION = 5.0;
			};
			name = Release;
		};
		942F9D3E2FC4ACEB003F3C21 /* Debug */ = {
			isa = XCBuildConfiguration;
			buildSettings = {
				BUNDLE_LOADER = "$(TEST_HOST)";
				CODE_SIGN_STYLE = Automatic;
				CURRENT_PROJECT_VERSION = 1;
				DEVELOPMENT_TEAM = L9J2W57QJ5;
				GENERATE_INFOPLIST_FILE = YES;
				MACOSX_DEPLOYMENT_TARGET = 14.0;
				MARKETING_VERSION = 0.1.1;
				PRODUCT_BUNDLE_IDENTIFIER = com.koala.tests;
				PRODUCT_NAME = "$(TARGET_NAME)";
				SWIFT_EMIT_LOC_STRINGS = NO;
				SWIFT_VERSION = 5.0;
				TEST_HOST = "$(BUILT_PRODUCTS_DIR)/koala.app/$(BUNDLE_EXECUTABLE_FOLDER_PATH)/koala";
			};
			name = Debug;
		};
		942F9D3F2FC4ACEB003F3C21 /* Release */ = {
			isa = XCBuildConfiguration;
			buildSettings = {
				BUNDLE_LOADER = "$(TEST_HOST)";
				CODE_SIGN_STYLE = Automatic;
				CURRENT_PROJECT_VERSION = 1;
				DEVELOPMENT_TEAM = L9J2W57QJ5;
				GENERATE_INFOPLIST_FILE = YES;
				MACOSX_DEPLOYMENT_TARGET = 14.0;
				MARKETING_VERSION = 0.1.1;
				PRODUCT_BUNDLE_IDENTIFIER = com.koala.tests;
				PRODUCT_NAME = "$(TARGET_NAME)";
				SWIFT_EMIT_LOC_STRINGS = NO;
				SWIFT_VERSION = 5.0;
				TEST_HOST = "$(BUILT_PRODUCTS_DIR)/koala.app/$(BUNDLE_EXECUTABLE_FOLDER_PATH)/koala";
			};
			name = Release;
		};
		942F9D412FC4ACEB003F3C21 /* Debug */ = {
			isa = XCBuildConfiguration;
			buildSettings = {
				CODE_SIGN_STYLE = Automatic;
				CURRENT_PROJECT_VERSION = 1;
				DEVELOPMENT_TEAM = L9J2W57QJ5;
				GENERATE_INFOPLIST_FILE = YES;
				MARKETING_VERSION = 0.1.1;
				PRODUCT_BUNDLE_IDENTIFIER = com.koala.uitests;
				PRODUCT_NAME = "$(TARGET_NAME)";
				SWIFT_EMIT_LOC_STRINGS = NO;
				SWIFT_VERSION = 5.0;
				TEST_TARGET_NAME = koala;
			};
			name = Debug;
		};
		942F9D422FC4ACEB003F3C21 /* Release */ = {
			isa = XCBuildConfiguration;
			buildSettings = {
				CODE_SIGN_STYLE = Automatic;
				CURRENT_PROJECT_VERSION = 1;
				DEVELOPMENT_TEAM = L9J2W57QJ5;
				GENERATE_INFOPLIST_FILE = YES;
				MARKETING_VERSION = 0.1.1;
				PRODUCT_BUNDLE_IDENTIFIER = com.koala.uitests;
				PRODUCT_NAME = "$(TARGET_NAME)";
				SWIFT_EMIT_LOC_STRINGS = NO;
				SWIFT_VERSION = 5.0;
				TEST_TARGET_NAME = koala;
			};
			name = Release;
		};
/* End XCBuildConfiguration section */

/* Begin XCConfigurationList section */
		942F9D132FC4ACE9003F3C21 /* Build configuration list for PBXProject "koala" */ = {
			isa = XCConfigurationList;
			buildConfigurations = (
				942F9D382FC4ACEB003F3C21 /* Debug */,
				942F9D392FC4ACEB003F3C21 /* Release */,
			);
			defaultConfigurationIsVisible = 0;
			defaultConfigurationName = Release;
		};
		942F9D3A2FC4ACEB003F3C21 /* Build configuration list for PBXNativeTarget "koala" */ = {
			isa = XCConfigurationList;
			buildConfigurations = (
				942F9D3B2FC4ACEB003F3C21 /* Debug */,
				942F9D3C2FC4ACEB003F3C21 /* Release */,
			);
			defaultConfigurationIsVisible = 0;
			defaultConfigurationName = Release;
		};
		942F9D3D2FC4ACEB003F3C21 /* Build configuration list for PBXNativeTarget "koalaTests" */ = {
			isa = XCConfigurationList;
			buildConfigurations = (
				942F9D3E2FC4ACEB003F3C21 /* Debug */,
				942F9D3F2FC4ACEB003F3C21 /* Release */,
			);
			defaultConfigurationIsVisible = 0;
			defaultConfigurationName = Release;
		};
		942F9D402FC4ACEB003F3C21 /* Build configuration list for PBXNativeTarget "koalaUITests" */ = {
			isa = XCConfigurationList;
			buildConfigurations = (
				942F9D412FC4ACEB003F3C21 /* Debug */,
				942F9D422FC4ACEB003F3C21 /* Release */,
			);
			defaultConfigurationIsVisible = 0;
			defaultConfigurationName = Release;
		};
/* End XCConfigurationList section */

/* Begin XCRemoteSwiftPackageReference section */
		AABB0001000000000000CAFE /* XCRemoteSwiftPackageReference "Sparkle" */ = {
			isa = XCRemoteSwiftPackageReference;
			repositoryURL = "https://github.com/sparkle-project/Sparkle";
			requirement = {
				kind = upToNextMajorVersion;
				minimumVersion = 2.6.0;
			};
		};
		BBCC0001000000000000CAFE /* XCRemoteSwiftPackageReference "GRDB" */ = {
			isa = XCRemoteSwiftPackageReference;
			repositoryURL = "https://github.com/groue/GRDB.swift";
			requirement = {
				kind = upToNextMajorVersion;
				minimumVersion = 6.29.0;
			};
		};
		CCDD0001000000000000CAFE /* XCRemoteSwiftPackageReference "swift-nio" */ = {
			isa = XCRemoteSwiftPackageReference;
			repositoryURL = "https://github.com/apple/swift-nio";
			requirement = {
				kind = upToNextMajorVersion;
				minimumVersion = 2.65.0;
			};
		};
		CCDD0011000000000000CAFE /* XCRemoteSwiftPackageReference "swift-nio-ssl" */ = {
			isa = XCRemoteSwiftPackageReference;
			repositoryURL = "https://github.com/apple/swift-nio-ssl";
			requirement = {
				kind = upToNextMajorVersion;
				minimumVersion = 2.27.0;
			};
		};
		CCDD0021000000000000CAFE /* XCRemoteSwiftPackageReference "swift-certificates" */ = {
			isa = XCRemoteSwiftPackageReference;
			repositoryURL = "https://github.com/apple/swift-certificates";
			requirement = {
				kind = upToNextMajorVersion;
				minimumVersion = 1.5.0;
			};
		};
		CCDD0031000000000000CAFE /* XCRemoteSwiftPackageReference "swift-asn1" */ = {
			isa = XCRemoteSwiftPackageReference;
			repositoryURL = "https://github.com/apple/swift-asn1";
			requirement = {
				kind = upToNextMajorVersion;
				minimumVersion = 1.0.0;
			};
		};
/* End XCRemoteSwiftPackageReference section */

/* Begin XCSwiftPackageProductDependency section */
		AABB0002000000000000CAFE /* Sparkle */ = {
			isa = XCSwiftPackageProductDependency;
			package = AABB0001000000000000CAFE /* XCRemoteSwiftPackageReference "Sparkle" */;
			productName = Sparkle;
		};
		BBCC0002000000000000CAFE /* GRDB */ = {
			isa = XCSwiftPackageProductDependency;
			package = BBCC0001000000000000CAFE /* XCRemoteSwiftPackageReference "GRDB" */;
			productName = GRDB;
		};
		CCDD0002000000000000CAFE /* NIO */ = {
			isa = XCSwiftPackageProductDependency;
			package = CCDD0001000000000000CAFE /* XCRemoteSwiftPackageReference "swift-nio" */;
			productName = NIO;
		};
		CCDD0012000000000000CAFE /* NIOHTTP1 */ = {
			isa = XCSwiftPackageProductDependency;
			package = CCDD0001000000000000CAFE /* XCRemoteSwiftPackageReference "swift-nio" */;
			productName = NIOHTTP1;
		};
		CCDD0022000000000000CAFE /* NIOPosix */ = {
			isa = XCSwiftPackageProductDependency;
			package = CCDD0001000000000000CAFE /* XCRemoteSwiftPackageReference "swift-nio" */;
			productName = NIOPosix;
		};
		CCDD0032000000000000CAFE /* NIOSSL */ = {
			isa = XCSwiftPackageProductDependency;
			package = CCDD0011000000000000CAFE /* XCRemoteSwiftPackageReference "swift-nio-ssl" */;
			productName = NIOSSL;
		};
		CCDD0042000000000000CAFE /* X509 */ = {
			isa = XCSwiftPackageProductDependency;
			package = CCDD0021000000000000CAFE /* XCRemoteSwiftPackageReference "swift-certificates" */;
			productName = X509;
		};
		CCDD0052000000000000CAFE /* SwiftASN1 */ = {
			isa = XCSwiftPackageProductDependency;
			package = CCDD0031000000000000CAFE /* XCRemoteSwiftPackageReference "swift-asn1" */;
			productName = SwiftASN1;
		};
/* End XCSwiftPackageProductDependency section */
	};
	rootObject = 942F9D102FC4ACE9003F3C21 /* Project object */;
}
